
Microsoft Visual Studio Solution File, Format Version 12.00
# Visual Studio Version 16
VisualStudioVersion = 16.0.30621.155
MinimumVisualStudioVersion = 10.0.40219.1
Project("{9A19103F-16F7-4668-BE54-9A1E7A4F7556}") = "RegistrationsService", "RegistrationsService\RegistrationsService.csproj", "{798ACDA4-2CFD-4FB7-BEAE-B7A9CC03943B}"
EndProject
Global
	GlobalSection(SolutionConfigurationPlatforms) = preSolution
		Debug|Any CPU = Debug|Any CPU
		Release|Any CPU = Release|Any CPU
	EndGlobalSection
	GlobalSection(ProjectConfigurationPlatforms) = postSolution
		{798ACDA4-2CFD-4FB7-BEAE-B7A9CC03943B}.Debug|Any CPU.ActiveCfg = Debug|Any CPU
		{798ACDA4-2CFD-4FB7-BEAE-B7A9CC03943B}.Debug|Any CPU.Build.0 = Debug|Any CPU
		{798ACDA4-2CFD-4FB7-BEAE-B7A9CC03943B}.Release|Any CPU.ActiveCfg = Release|Any CPU
		{798ACDA4-2CFD-4FB7-BEAE-B7A9CC03943B}.Release|Any CPU.Build.0 = Release|Any CPU
	EndGlobalSection
	GlobalSection(SolutionProperties) = preSolution
		HideSolutionNode = FALSE
	EndGlobalSection
	GlobalSection(ExtensibilityGlobals) = postSolution
		SolutionGuid = {7D27258E-93B3-424C-AA0F-65E61C0A09D9}
	EndGlobalSection
EndGlobal
